
Microsoft Visual Studio Solution File, Format Version 12.00
# Visual Studio Version 17
VisualStudioVersion = 17.14.36623.8
MinimumVisualStudioVersion = 10.0.40219.1
Project("{2150E333-8FDC-42A3-9474-1A3956D46DE8}") = "Task0", "Task0", "{02EA681E-C7D8-13C7-8484-4AC65E1B71E8}"
EndProject
Project("{FAE04EC0-301F-11D3-BF4B-00C04F79EFBC}") = "Tyuiu.NazarovAA.Sprint6.Task0.V27.Test", "Tyuiu.NazarovAA.Sprint6.Task0.V27.Test\Tyuiu.NazarovAA.Sprint6.Task0.V27.Test.csproj", "{B3A23D9F-E846-4B14-BEA9-8A1938F52B05}"
EndProject
Project("{FAE04EC0-301F-11D3-BF4B-00C04F79EFBC}") = "Tyuiu.NazarovAA.Sprint6.Task0.V27.Lib", "Tyuiu.NazarovAA.Sprint6.Task0.V27.Lib\Tyuiu.NazarovAA.Sprint6.Task0.V27.Lib.csproj", "{E4BB35B3-6AFB-4825-9BF1-71E6B3A7B4F3}"
EndProject
Project("{FAE04EC0-301F-11D3-BF4B-00C04F79EFBC}") = "Tyuiu.NazarovAA.Sprint6.Task0.V27", "Tyuiu.NazarovAA.Sprint6.Task0.V27\Tyuiu.NazarovAA.Sprint6.Task0.V27.csproj", "{848EDE95-81A3-4723-83FC-9273A59167D5}"
EndProject
Project("{2150E333-8FDC-42A3-9474-1A3956D46DE8}") = "Task1", "Task1", "{C726A955-5F9F-4A34-9ACA-6280821F9E98}"
EndProject
Project("{FAE04EC0-301F-11D3-BF4B-00C04F79EFBC}") = "Tyuiu.NazarovAA.Sprint6.Task1.V9.Lib", "Tyuiu.NazarovAA.Sprint6.Task1.V9.Lib\Tyuiu.NazarovAA.Sprint6.Task1.V9.Lib.csproj", "{E0D270E4-8688-4B2C-8346-9349CFE9F25A}"
EndProject
Project("{FAE04EC0-301F-11D3-BF4B-00C04F79EFBC}") = "Tyuiu.NazarovAA.Sprint6.Task1.V9.Test", "Tyuiu.NazarovAA.Sprint6.Task1.V9.Test\Tyuiu.NazarovAA.Sprint6.Task1.V9.Test.csproj", "{D8E5C4C1-682A-447E-A608-6E70A36C9E8D}"
EndProject
Project("{FAE04EC0-301F-11D3-BF4B-00C04F79EFBC}") = "Tyuiu.NazarovAA.Sprint6.Task1.V9", "Tyuiu.NazarovAA.Sprint6.Task1.V9\Tyuiu.NazarovAA.Sprint6.Task1.V9.csproj", "{C40EDBB2-57C6-4738-8212-9A6C335E4752}"
EndProject
Project("{2150E333-8FDC-42A3-9474-1A3956D46DE8}") = "Task2", "Task2", "{A3A78EDB-28F9-41CD-9B2E-F15D7E294534}"
EndProject
Project("{FAE04EC0-301F-11D3-BF4B-00C04F79EFBC}") = "Tyuiu.NazarovAA.Sprint6.Task2.V16.Lib", "Tyuiu.NazarovAA.Sprint6.Task2.V16.Lib\Tyuiu.NazarovAA.Sprint6.Task2.V16.Lib.csproj", "{7CD525BA-00AA-46A5-88D0-42B47CE0C411}"
EndProject
Project("{FAE04EC0-301F-11D3-BF4B-00C04F79EFBC}") = "Tyuiu.NazarovAA.Sprint6.Task2.V16.Test", "Tyuiu.NazarovAA.Sprint6.Task2.V16.Test\Tyuiu.NazarovAA.Sprint6.Task2.V16.Test.csproj", "{7455A66E-FFCC-44BF-BEDF-1A7E150A9187}"
EndProject
Project("{FAE04EC0-301F-11D3-BF4B-00C04F79EFBC}") = "Tyuiu.NazarovAA.Sprint6.Task2.V16", "Tyuiu.NazarovAA.Sprint6.Task2.V16\Tyuiu.NazarovAA.Sprint6.Task2.V16.csproj", "{F0BF9056-ADDB-4CFA-832B-295B3A1F16CE}"
EndProject
Project("{2150E333-8FDC-42A3-9474-1A3956D46DE8}") = "Task3", "Task3", "{F714433B-DAFB-4C02-8A1D-8BA0A8F4AB00}"
EndProject
Project("{FAE04EC0-301F-11D3-BF4B-00C04F79EFBC}") = "Tyuiu.NazarovAA.Sprint6.Task3.V12.Lib", "Tyuiu.NazarovAA.Sprint6.Task3.V12.Lib\Tyuiu.NazarovAA.Sprint6.Task3.V12.Lib.csproj", "{4B10297D-CBB1-4DF6-871F-85FE2DB768D1}"
EndProject
Project("{FAE04EC0-301F-11D3-BF4B-00C04F79EFBC}") = "Tyuiu.NazarovAA.Sprint6.Task3.V12.Test", "Tyuiu.NazarovAA.Sprint6.Task3.V12.Test\Tyuiu.NazarovAA.Sprint6.Task3.V12.Test.csproj", "{E48096B3-8854-4108-BC3D-D0D9525D05BC}"
EndProject
Project("{FAE04EC0-301F-11D3-BF4B-00C04F79EFBC}") = "Tyuiu.NazarovAA.Sprint6.Task3.V12", "Tyuiu.NazarovAA.Sprint6.Task3.V12\Tyuiu.NazarovAA.Sprint6.Task3.V12.csproj", "{F7EEEC43-4490-41D3-81B0-FCEDD5BE2080}"
EndProject
Project("{2150E333-8FDC-42A3-9474-1A3956D46DE8}") = "Task4", "Task4", "{FD761354-59E3-4333-BED8-A2C0FBC96582}"
EndProject
Project("{FAE04EC0-301F-11D3-BF4B-00C04F79EFBC}") = "Tyuiu.NazarovAA.Sprint6.Task4.V20.Lib", "Tyuiu.NazarovAA.Sprint6.Task4.V20.Lib\Tyuiu.NazarovAA.Sprint6.Task4.V20.Lib.csproj", "{10A1B6BF-68F4-4FA1-AB0F-CC1FF3197383}"
EndProject
Project("{FAE04EC0-301F-11D3-BF4B-00C04F79EFBC}") = "Tyuiu.NazarovAA.Sprint6.Task4.V20.Test", "Tyuiu.NazarovAA.Sprint6.Task4.V20.Test\Tyuiu.NazarovAA.Sprint6.Task4.V20.Test.csproj", "{8719C3E9-4AEC-4D69-974D-0B23B8B4733A}"
EndProject
Project("{FAE04EC0-301F-11D3-BF4B-00C04F79EFBC}") = "Tyuiu.NazarovAA.Sprint6.Task4.V20", "Tyuiu.NazarovAA.Sprint6.Task4.V20\Tyuiu.NazarovAA.Sprint6.Task4.V20.csproj", "{7967B83D-B018-4EA6-96E5-C142374DAA63}"
EndProject
Project("{2150E333-8FDC-42A3-9474-1A3956D46DE8}") = "Task5", "Task5", "{1A651054-10BC-41F1-8407-243FF8AEACE4}"
EndProject
Project("{FAE04EC0-301F-11D3-BF4B-00C04F79EFBC}") = "Tyuiu.NazarovAA.Sprint6.Task5.V13.Test", "Tyuiu.NazarovAA.Sprint6.Task5.V13.Test\Tyuiu.NazarovAA.Sprint6.Task5.V13.Test.csproj", "{1C557828-0525-4D8B-86D9-F239CD46477E}"
EndProject
Project("{FAE04EC0-301F-11D3-BF4B-00C04F79EFBC}") = "Tyuiu.NazarovAA.Sprint6.Task5.V13.Lib", "Tyuiu.NazarovAA.Sprint6.Task5.V13.Lib\Tyuiu.NazarovAA.Sprint6.Task5.V13.Lib.csproj", "{DBBB8862-02E2-4471-B938-797723011004}"
EndProject
Project("{FAE04EC0-301F-11D3-BF4B-00C04F79EFBC}") = "Tyuiu.NazarovAA.Sprint6.Task5.V13", "Tyuiu.NazarovAA.Sprint6.Task5.V13\Tyuiu.NazarovAA.Sprint6.Task5.V13.csproj", "{B2A0FA2F-7C59-4E18-95CF-6EE8A65DDB7E}"
EndProject
Project("{2150E333-8FDC-42A3-9474-1A3956D46DE8}") = "Task6", "Task6", "{450DAC73-07A0-43C9-BB79-47F417F024CF}"
EndProject
Project("{FAE04EC0-301F-11D3-BF4B-00C04F79EFBC}") = "Tyuiu.NazarovAA.Sprint6.Task6.V9.Lib", "Tyuiu.NazarovAA.Sprint6.Task6.V9.Lib\Tyuiu.NazarovAA.Sprint6.Task6.V9.Lib.csproj", "{B98BD97F-B532-48C5-B3BE-06E7626387FC}"
EndProject
Project("{FAE04EC0-301F-11D3-BF4B-00C04F79EFBC}") = "Tyuiu.NazarovAA.Sprint6.Task6.V9.Test", "Tyuiu.NazarovAA.Sprint6.Task6.V9.Test\Tyuiu.NazarovAA.Sprint6.Task6.V9.Test.csproj", "{CF13FA1C-202E-42F4-8F72-F1383D23D0DC}"
EndProject
Project("{FAE04EC0-301F-11D3-BF4B-00C04F79EFBC}") = "Tyuiu.NazarovAA.Sprint6.Task6.V9", "Tyuiu.NazarovAA.Sprint6.Task6.V9\Tyuiu.NazarovAA.Sprint6.Task6.V9.csproj", "{3AD07729-ADC8-44C9-8766-7F321FA7C682}"
EndProject
Project("{2150E333-8FDC-42A3-9474-1A3956D46DE8}") = "Task7", "Task7", "{29371445-2D0B-4379-8AE1-1D65FAE45D87}"
EndProject
Project("{FAE04EC0-301F-11D3-BF4B-00C04F79EFBC}") = "Tyuiu.NazarovAA.Sprint6.Task7.V22.Lib", "Tyuiu.NazarovAA.Sprint6.Task7.V22.Lib\Tyuiu.NazarovAA.Sprint6.Task7.V22.Lib.csproj", "{1FF14E2A-1F23-4984-B1D3-AE6611EEDC5F}"
EndProject
Project("{FAE04EC0-301F-11D3-BF4B-00C04F79EFBC}") = "Tyuiu.NazarovAA.Sprint6.Task7.V22.Test", "Tyuiu.NazarovAA.Sprint6.Task7.V22.Test\Tyuiu.NazarovAA.Sprint6.Task7.V22.Test.csproj", "{14CB70BF-7C4C-4222-BBC9-103FB45B0B68}"
EndProject
Project("{FAE04EC0-301F-11D3-BF4B-00C04F79EFBC}") = "Tyuiu.NazarovAA.Sprint6.Task7.V22", "Tyuiu.NazarovAA.Sprint6.Task7.V22\Tyuiu.NazarovAA.Sprint6.Task7.V22.csproj", "{FEFBB34E-3EC5-408A-92F2-A1094EB3313D}"
EndProject
Global
	GlobalSection(SolutionConfigurationPlatforms) = preSolution
		Debug|Any CPU = Debug|Any CPU
		Release|Any CPU = Release|Any CPU
	EndGlobalSection
	GlobalSection(ProjectConfigurationPlatforms) = postSolution
		{B3A23D9F-E846-4B14-BEA9-8A1938F52B05}.Debug|Any CPU.ActiveCfg = Debug|Any CPU
		{B3A23D9F-E846-4B14-BEA9-8A1938F52B05}.Debug|Any CPU.Build.0 = Debug|Any CPU
		{B3A23D9F-E846-4B14-BEA9-8A1938F52B05}.Release|Any CPU.ActiveCfg = Release|Any CPU
		{B3A23D9F-E846-4B14-BEA9-8A1938F52B05}.Release|Any CPU.Build.0 = Release|Any CPU
		{E4BB35B3-6AFB-4825-9BF1-71E6B3A7B4F3}.Debug|Any CPU.ActiveCfg = Debug|Any CPU
		{E4BB35B3-6AFB-4825-9BF1-71E6B3A7B4F3}.Debug|Any CPU.Build.0 = Debug|Any CPU
		{E4BB35B3-6AFB-4825-9BF1-71E6B3A7B4F3}.Release|Any CPU.ActiveCfg = Release|Any CPU
		{E4BB35B3-6AFB-4825-9BF1-71E6B3A7B4F3}.Release|Any CPU.Build.0 = Release|Any CPU
		{848EDE95-81A3-4723-83FC-9273A59167D5}.Debug|Any CPU.ActiveCfg = Debug|Any CPU
		{848EDE95-81A3-4723-83FC-9273A59167D5}.Debug|Any CPU.Build.0 = Debug|Any CPU
		{848EDE95-81A3-4723-83FC-9273A59167D5}.Release|Any CPU.ActiveCfg = Release|Any CPU
		{848EDE95-81A3-4723-83FC-9273A59167D5}.Release|Any CPU.Build.0 = Release|Any CPU
		{E0D270E4-8688-4B2C-8346-9349CFE9F25A}.Debug|Any CPU.ActiveCfg = Debug|Any CPU
		{E0D270E4-8688-4B2C-8346-9349CFE9F25A}.Debug|Any CPU.Build.0 = Debug|Any CPU
		{E0D270E4-8688-4B2C-8346-9349CFE9F25A}.Release|Any CPU.ActiveCfg = Release|Any CPU
		{E0D270E4-8688-4B2C-8346-9349CFE9F25A}.Release|Any CPU.Build.0 = Release|Any CPU
		{D8E5C4C1-682A-447E-A608-6E70A36C9E8D}.Debug|Any CPU.ActiveCfg = Debug|Any CPU
		{D8E5C4C1-682A-447E-A608-6E70A36C9E8D}.Debug|Any CPU.Build.0 = Debug|Any CPU
		{D8E5C4C1-682A-447E-A608-6E70A36C9E8D}.Release|Any CPU.ActiveCfg = Release|Any CPU
		{D8E5C4C1-682A-447E-A608-6E70A36C9E8D}.Release|Any CPU.Build.0 = Release|Any CPU
		{C40EDBB2-57C6-4738-8212-9A6C335E4752}.Debug|Any CPU.ActiveCfg = Debug|Any CPU
		{C40EDBB2-57C6-4738-8212-9A6C335E4752}.Debug|Any CPU.Build.0 = Debug|Any CPU
		{C40EDBB2-57C6-4738-8212-9A6C335E4752}.Release|Any CPU.ActiveCfg = Release|Any CPU
		{C40EDBB2-57C6-4738-8212-9A6C335E4752}.Release|Any CPU.Build.0 = Release|Any CPU
		{7CD525BA-00AA-46A5-88D0-42B47CE0C411}.Debug|Any CPU.ActiveCfg = Debug|Any CPU
		{7CD525BA-00AA-46A5-88D0-42B47CE0C411}.Debug|Any CPU.Build.0 = Debug|Any CPU
		{7CD525BA-00AA-46A5-88D0-42B47CE0C411}.Release|Any CPU.ActiveCfg = Release|Any CPU
		{7CD525BA-00AA-46A5-88D0-42B47CE0C411}.Release|Any CPU.Build.0 = Release|Any CPU
		{7455A66E-FFCC-44BF-BEDF-1A7E150A9187}.Debug|Any CPU.ActiveCfg = Debug|Any CPU
		{7455A66E-FFCC-44BF-BEDF-1A7E150A9187}.Debug|Any CPU.Build.0 = Debug|Any CPU
		{7455A66E-FFCC-44BF-BEDF-1A7E150A9187}.Release|Any CPU.ActiveCfg = Release|Any CPU
		{7455A66E-FFCC-44BF-BEDF-1A7E150A9187}.Release|Any CPU.Build.0 = Release|Any CPU
		{F0BF9056-ADDB-4CFA-832B-295B3A1F16CE}.Debug|Any CPU.ActiveCfg = Debug|Any CPU
		{F0BF9056-ADDB-4CFA-832B-295B3A1F16CE}.Debug|Any CPU.Build.0 = Debug|Any CPU
		{F0BF9056-ADDB-4CFA-832B-295B3A1F16CE}.Release|Any CPU.ActiveCfg = Release|Any CPU
		{F0BF9056-ADDB-4CFA-832B-295B3A1F16CE}.Release|Any CPU.Build.0 = Release|Any CPU
		{4B10297D-CBB1-4DF6-871F-85FE2DB768D1}.Debug|Any CPU.ActiveCfg = Debug|Any CPU
		{4B10297D-CBB1-4DF6-871F-85FE2DB768D1}.Debug|Any CPU.Build.0 = Debug|Any CPU
		{4B10297D-CBB1-4DF6-871F-85FE2DB768D1}.Release|Any CPU.ActiveCfg = Release|Any CPU
		{4B10297D-CBB1-4DF6-871F-85FE2DB768D1}.Release|Any CPU.Build.0 = Release|Any CPU
		{E48096B3-8854-4108-BC3D-D0D9525D05BC}.Debug|Any CPU.ActiveCfg = Debug|Any CPU
		{E48096B3-8854-4108-BC3D-D0D9525D05BC}.Debug|Any CPU.Build.0 = Debug|Any CPU
		{E48096B3-8854-4108-BC3D-D0D9525D05BC}.Release|Any CPU.ActiveCfg = Release|Any CPU
		{E48096B3-8854-4108-BC3D-D0D9525D05BC}.Release|Any CPU.Build.0 = Release|Any CPU
		{F7EEEC43-4490-41D3-81B0-FCEDD5BE2080}.Debug|Any CPU.ActiveCfg = Debug|Any CPU
		{F7EEEC43-4490-41D3-81B0-FCEDD5BE2080}.Debug|Any CPU.Build.0 = Debug|Any CPU
		{F7EEEC43-4490-41D3-81B0-FCEDD5BE2080}.Release|Any CPU.ActiveCfg = Release|Any CPU
		{F7EEEC43-4490-41D3-81B0-FCEDD5BE2080}.Release|Any CPU.Build.0 = Release|Any CPU
		{10A1B6BF-68F4-4FA1-AB0F-CC1FF3197383}.Debug|Any CPU.ActiveCfg = Debug|Any CPU
		{10A1B6BF-68F4-4FA1-AB0F-CC1FF3197383}.Debug|Any CPU.Build.0 = Debug|Any CPU
		{10A1B6BF-68F4-4FA1-AB0F-CC1FF3197383}.Release|Any CPU.ActiveCfg = Release|Any CPU
		{10A1B6BF-68F4-4FA1-AB0F-CC1FF3197383}.Release|Any CPU.Build.0 = Release|Any CPU
		{8719C3E9-4AEC-4D69-974D-0B23B8B4733A}.Debug|Any CPU.ActiveCfg = Debug|Any CPU
		{8719C3E9-4AEC-4D69-974D-0B23B8B4733A}.Debug|Any CPU.Build.0 = Debug|Any CPU
		{8719C3E9-4AEC-4D69-974D-0B23B8B4733A}.Release|Any CPU.ActiveCfg = Release|Any CPU
		{8719C3E9-4AEC-4D69-974D-0B23B8B4733A}.Release|Any CPU.Build.0 = Release|Any CPU
		{7967B83D-B018-4EA6-96E5-C142374DAA63}.Debug|Any CPU.ActiveCfg = Debug|Any CPU
		{7967B83D-B018-4EA6-96E5-C142374DAA63}.Debug|Any CPU.Build.0 = Debug|Any CPU
		{7967B83D-B018-4EA6-96E5-C142374DAA63}.Release|Any CPU.ActiveCfg = Release|Any CPU
		{7967B83D-B018-4EA6-96E5-C142374DAA63}.Release|Any CPU.Build.0 = Release|Any CPU
		{1C557828-0525-4D8B-86D9-F239CD46477E}.Debug|Any CPU.ActiveCfg = Debug|Any CPU
		{1C557828-0525-4D8B-86D9-F239CD46477E}.Debug|Any CPU.Build.0 = Debug|Any CPU
		{1C557828-0525-4D8B-86D9-F239CD46477E}.Release|Any CPU.ActiveCfg = Release|Any CPU
		{1C557828-0525-4D8B-86D9-F239CD46477E}.Release|Any CPU.Build.0 = Release|Any CPU
		{DBBB8862-02E2-4471-B938-797723011004}.Debug|Any CPU.ActiveCfg = Debug|Any CPU
		{DBBB8862-02E2-4471-B938-797723011004}.Debug|Any CPU.Build.0 = Debug|Any CPU
		{DBBB8862-02E2-4471-B938-797723011004}.Release|Any CPU.ActiveCfg = Release|Any CPU
		{DBBB8862-02E2-4471-B938-797723011004}.Release|Any CPU.Build.0 = Release|Any CPU
		{B2A0FA2F-7C59-4E18-95CF-6EE8A65DDB7E}.Debug|Any CPU.ActiveCfg = Debug|Any CPU
		{B2A0FA2F-7C59-4E18-95CF-6EE8A65DDB7E}.Debug|Any CPU.Build.0 = Debug|Any CPU
		{B2A0FA2F-7C59-4E18-95CF-6EE8A65DDB7E}.Release|Any CPU.ActiveCfg = Release|Any CPU
		{B2A0FA2F-7C59-4E18-95CF-6EE8A65DDB7E}.Release|Any CPU.Build.0 = Release|Any CPU
		{B98BD97F-B532-48C5-B3BE-06E7626387FC}.Debug|Any CPU.ActiveCfg = Debug|Any CPU
		{B98BD97F-B532-48C5-B3BE-06E7626387FC}.Debug|Any CPU.Build.0 = Debug|Any CPU
		{B98BD97F-B532-48C5-B3BE-06E7626387FC}.Release|Any CPU.ActiveCfg = Release|Any CPU
		{B98BD97F-B532-48C5-B3BE-06E7626387FC}.Release|Any CPU.Build.0 = Release|Any CPU
		{CF13FA1C-202E-42F4-8F72-F1383D23D0DC}.Debug|Any CPU.ActiveCfg = Debug|Any CPU
		{CF13FA1C-202E-42F4-8F72-F1383D23D0DC}.Debug|Any CPU.Build.0 = Debug|Any CPU
		{CF13FA1C-202E-42F4-8F72-F1383D23D0DC}.Release|Any CPU.ActiveCfg = Release|Any CPU
		{CF13FA1C-202E-42F4-8F72-F1383D23D0DC}.Release|Any CPU.Build.0 = Release|Any CPU
		{3AD07729-ADC8-44C9-8766-7F321FA7C682}.Debug|Any CPU.ActiveCfg = Debug|Any CPU
		{3AD07729-ADC8-44C9-8766-7F321FA7C682}.Debug|Any CPU.Build.0 = Debug|Any CPU
		{3AD07729-ADC8-44C9-8766-7F321FA7C682}.Release|Any CPU.ActiveCfg = Release|Any CPU
		{3AD07729-ADC8-44C9-8766-7F321FA7C682}.Release|Any CPU.Build.0 = Release|Any CPU
		{1FF14E2A-1F23-4984-B1D3-AE6611EEDC5F}.Debug|Any CPU.ActiveCfg = Debug|Any CPU
		{1FF14E2A-1F23-4984-B1D3-AE6611EEDC5F}.Debug|Any CPU.Build.0 = Debug|Any CPU
		{1FF14E2A-1F23-4984-B1D3-AE6611EEDC5F}.Release|Any CPU.ActiveCfg = Release|Any CPU
		{1FF14E2A-1F23-4984-B1D3-AE6611EEDC5F}.Release|Any CPU.Build.0 = Release|Any CPU
		{14CB70BF-7C4C-4222-BBC9-103FB45B0B68}.Debug|Any CPU.ActiveCfg = Debug|Any CPU
		{14CB70BF-7C4C-4222-BBC9-103FB45B0B68}.Debug|Any CPU.Build.0 = Debug|Any CPU
		{14CB70BF-7C4C-4222-BBC9-103FB45B0B68}.Release|Any CPU.ActiveCfg = Release|Any CPU
		{14CB70BF-7C4C-4222-BBC9-103FB45B0B68}.Release|Any CPU.Build.0 = Release|Any CPU
		{FEFBB34E-3EC5-408A-92F2-A1094EB3313D}.Debug|Any CPU.ActiveCfg = Debug|Any CPU
		{FEFBB34E-3EC5-408A-92F2-A1094EB3313D}.Debug|Any CPU.Build.0 = Debug|Any CPU
		{FEFBB34E-3EC5-408A-92F2-A1094EB3313D}.Release|Any CPU.ActiveCfg = Release|Any CPU
		{FEFBB34E-3EC5-408A-92F2-A1094EB3313D}.Release|Any CPU.Build.0 = Release|Any CPU
	EndGlobalSection
	GlobalSection(SolutionProperties) = preSolution
		HideSolutionNode = FALSE
	EndGlobalSection
	GlobalSection(NestedProjects) = preSolution
		{B3A23D9F-E846-4B14-BEA9-8A1938F52B05} = {02EA681E-C7D8-13C7-8484-4AC65E1B71E8}
		{E4BB35B3-6AFB-4825-9BF1-71E6B3A7B4F3} = {02EA681E-C7D8-13C7-8484-4AC65E1B71E8}
		{848EDE95-81A3-4723-83FC-9273A59167D5} = {02EA681E-C7D8-13C7-8484-4AC65E1B71E8}
		{E0D270E4-8688-4B2C-8346-9349CFE9F25A} = {C726A955-5F9F-4A34-9ACA-6280821F9E98}
		{D8E5C4C1-682A-447E-A608-6E70A36C9E8D} = {C726A955-5F9F-4A34-9ACA-6280821F9E98}
		{C40EDBB2-57C6-4738-8212-9A6C335E4752} = {C726A955-5F9F-4A34-9ACA-6280821F9E98}
		{7CD525BA-00AA-46A5-88D0-42B47CE0C411} = {A3A78EDB-28F9-41CD-9B2E-F15D7E294534}
		{7455A66E-FFCC-44BF-BEDF-1A7E150A9187} = {A3A78EDB-28F9-41CD-9B2E-F15D7E294534}
		{F0BF9056-ADDB-4CFA-832B-295B3A1F16CE} = {A3A78EDB-28F9-41CD-9B2E-F15D7E294534}
		{4B10297D-CBB1-4DF6-871F-85FE2DB768D1} = {F714433B-DAFB-4C02-8A1D-8BA0A8F4AB00}
		{E48096B3-8854-4108-BC3D-D0D9525D05BC} = {F714433B-DAFB-4C02-8A1D-8BA0A8F4AB00}
		{F7EEEC43-4490-41D3-81B0-FCEDD5BE2080} = {F714433B-DAFB-4C02-8A1D-8BA0A8F4AB00}
		{10A1B6BF-68F4-4FA1-AB0F-CC1FF3197383} = {FD761354-59E3-4333-BED8-A2C0FBC96582}
		{8719C3E9-4AEC-4D69-974D-0B23B8B4733A} = {FD761354-59E3-4333-BED8-A2C0FBC96582}
		{7967B83D-B018-4EA6-96E5-C142374DAA63} = {FD761354-59E3-4333-BED8-A2C0FBC96582}
		{1C557828-0525-4D8B-86D9-F239CD46477E} = {1A651054-10BC-41F1-8407-243FF8AEACE4}
		{DBBB8862-02E2-4471-B938-797723011004} = {1A651054-10BC-41F1-8407-243FF8AEACE4}
		{B2A0FA2F-7C59-4E18-95CF-6EE8A65DDB7E} = {1A651054-10BC-41F1-8407-243FF8AEACE4}
		{B98BD97F-B532-48C5-B3BE-06E7626387FC} = {450DAC73-07A0-43C9-BB79-47F417F024CF}
		{CF13FA1C-202E-42F4-8F72-F1383D23D0DC} = {450DAC73-07A0-43C9-BB79-47F417F024CF}
		{3AD07729-ADC8-44C9-8766-7F321FA7C682} = {450DAC73-07A0-43C9-BB79-47F417F024CF}
		{1FF14E2A-1F23-4984-B1D3-AE6611EEDC5F} = {29371445-2D0B-4379-8AE1-1D65FAE45D87}
		{14CB70BF-7C4C-4222-BBC9-103FB45B0B68} = {29371445-2D0B-4379-8AE1-1D65FAE45D87}
		{FEFBB34E-3EC5-408A-92F2-A1094EB3313D} = {29371445-2D0B-4379-8AE1-1D65FAE45D87}
	EndGlobalSection
	GlobalSection(ExtensibilityGlobals) = postSolution
		SolutionGuid = {35022633-1277-485E-AF7D-4500695442FB}
	EndGlobalSection
EndGlobal
